%{"calendar": {:hex, :calendar, "0.12.4"},
  "certifi": {:hex, :certifi, "0.4.0"},
  "combine": {:hex, :combine, "0.7.0"},
  "decimal": {:hex, :decimal, "1.1.1"},
  "earmark": {:hex, :earmark, "0.2.1"},
  "ecto": {:hex, :ecto, "1.1.5"},
  "ex_doc": {:hex, :ex_doc, "0.11.4"},
  "gettext": {:hex, :gettext, "0.11.0"},
  "hackney": {:hex, :hackney, "1.6.0"},
  "idna": {:hex, :idna, "1.2.0"},
  "inch_ex": {:hex, :inch_ex, "0.5.1"},
  "metrics": {:hex, :metrics, "1.0.1"},
  "mimerl": {:hex, :mimerl, "1.0.2"},
  "phoenix_ecto": {:hex, :phoenix_ecto, "2.0.1"},
  "poison": {:hex, :poison, "1.5.2"},
  "poolboy": {:hex, :poolboy, "1.5.1"},
  "ssl_verify_fun": {:hex, :ssl_verify_fun, "1.1.0"},
  "ssl_verify_hostname": {:hex, :ssl_verify_hostname, "1.0.5"},
  "timex": {:hex, :timex, "2.1.4"},
  "timex_ecto": {:hex, :timex_ecto, "1.0.4"},
  "tzdata": {:hex, :tzdata, "0.5.7"}}
